{
    "name": "@vecmat/vendor",
    "version": "0.0.2",
    "lockfileVersion": 3,
    "requires": true,
    "packages": {
        "": {
            "name": "@vecmat/vendor",
            "version": "0.0.2",
            "license": "ISC",
            "dependencies": {
                "lodash": "~4.17.21",
                "mathjs": "^11.5.0",
                "moment": "^2.29.4",
                "murmurhash": "^2.0.1",
                "uuid": "~9.0.0"
            },
            "devDependencies": {
                "@types/node": "~18.14.6",
                "concurrently": "~7.4.0",
                "gulp": "^4.0.2",
                "gulp-add-src": "^1.0.0",
                "gulp-cli": "^2.3.0",
                "tslib": "~2.4.0"
            }
        },
        "../../common/temp/node_modules/.pnpm/concurrently@7.4.0/node_modules/concurrently": {
            "version": "7.4.0",
            "dev": true,
            "license": "MIT",
            "dependencies": {
                "chalk": "^4.1.0",
                "date-fns": "^2.29.1",
                "lodash": "^4.17.21",
                "rxjs": "^7.0.0",
                "shell-quote": "^1.7.3",
                "spawn-command": "^0.0.2-1",
                "supports-color": "^8.1.0",
                "tree-kill": "^1.2.2",
                "yargs": "^17.3.1"
            },
            "bin": {
                "conc": "dist/bin/concurrently.js",
                "concurrently": "dist/bin/concurrently.js"
            },
            "devDependencies": {
                "@hirez_io/observer-spy": "^2.2.0",
                "@swc/core": "^1.2.224",
                "@swc/jest": "^0.2.21",
                "@types/jest": "^28.1.6",
                "@types/lodash": "^4.14.178",
                "@types/node": "^16.11.47",
                "@types/shell-quote": "^1.7.1",
                "@types/supports-color": "^8.1.1",
                "@types/yargs": "^17.0.11",
                "@typescript-eslint/eslint-plugin": "^5.33.0",
                "@typescript-eslint/parser": "^5.33.0",
                "coveralls-next": "^4.1.2",
                "ctrlc-wrapper": "^0.0.4",
                "esbuild": "^0.15.1",
                "eslint": "^8.21.0",
                "eslint-config-prettier": "^8.5.0",
                "eslint-plugin-import": "^2.26.0",
                "eslint-plugin-jest": "^26.8.2",
                "eslint-plugin-prettier": "^4.0.0",
                "eslint-plugin-simple-import-sort": "^7.0.0",
                "jest": "^28.1.3",
                "jest-create-mock-instance": "^2.0.0",
                "lint-staged": "^12.4.1",
                "prettier": "^2.6.2",
                "simple-git-hooks": "^2.7.0",
                "string-argv": "^0.3.1",
                "typescript": "^5.x.x"
            },
            "engines": {
                "node": "^12.20.0 || ^14.13.0 || >=16.0.0"
            },
            "funding": {
                "url": "https://github.com/open-cli-tools/concurrently?sponsor=1"
            }
        },
        "../../common/temp/node_modules/.pnpm/gulp-add-src@1.0.0/node_modules/gulp-add-src": {
            "version": "1.0.0",
            "dev": true,
            "license": "MIT",
            "dependencies": {
                "event-stream": "~3.1.5",
                "streamqueue": "^0.1.1",
                "through2": "~0.4.1",
                "vinyl-fs": "~3.0.2"
            },
            "devDependencies": {
                "gulp": "^3.6.2",
                "mocha": "^1.18.2"
            }
        },
        "../../common/temp/node_modules/.pnpm/gulp-cli@2.3.0/node_modules/gulp-cli": {
            "version": "2.3.0",
            "dev": true,
            "license": "MIT",
            "dependencies": {
                "ansi-colors": "^1.0.1",
                "archy": "^1.0.0",
                "array-sort": "^1.0.0",
                "color-support": "^1.1.3",
                "concat-stream": "^1.6.0",
                "copy-props": "^2.0.1",
                "fancy-log": "^1.3.2",
                "gulplog": "^1.0.0",
                "interpret": "^1.4.0",
                "isobject": "^3.0.1",
                "liftoff": "^3.1.0",
                "matchdep": "^2.0.0",
                "mute-stdout": "^1.0.0",
                "pretty-hrtime": "^1.0.0",
                "replace-homedir": "^1.0.0",
                "semver-greatest-satisfied-range": "^1.1.0",
                "v8flags": "^3.2.0",
                "yargs": "^7.1.0"
            },
            "bin": {
                "gulp": "bin/gulp.js"
            },
            "devDependencies": {
                "babel-preset-es2015": "^6.5.0",
                "babel-register": "^6.5.1",
                "coveralls": "^3.0.3",
                "eslint": "^2.13.1",
                "eslint-config-gulp": "^3.0.1",
                "expect": "^1.20.2",
                "gulp": "^4.0.0",
                "gulp-test-tools": "^0.6.1",
                "marked-man": "^0.2.1",
                "mocha": "^3.2.0",
                "nyc": "^13.3.0",
                "rimraf": "^2.6.1",
                "semver": "^5.7.1"
            },
            "engines": {
                "node": ">= 0.10"
            }
        },
        "../../common/temp/node_modules/.pnpm/gulp@4.0.2/node_modules/gulp": {
            "version": "4.0.2",
            "dev": true,
            "license": "MIT",
            "dependencies": {
                "glob-watcher": "^5.0.3",
                "gulp-cli": "^2.2.0",
                "undertaker": "^1.2.1",
                "vinyl-fs": "^3.0.0"
            },
            "bin": {
                "gulp": "bin/gulp.js"
            },
            "devDependencies": {
                "coveralls": "github:phated/node-coveralls#2.x",
                "eslint": "^2.13.1",
                "eslint-config-gulp": "^3.0.1",
                "expect": "^1.20.2",
                "mkdirp": "^0.5.1",
                "mocha": "^3.0.0",
                "nyc": "^10.3.2",
                "rimraf": "^2.6.3"
            },
            "engines": {
                "node": ">= 0.10"
            }
        },
        "../../common/temp/node_modules/.pnpm/lodash@4.17.21/node_modules/lodash": {
            "version": "4.17.21",
            "license": "MIT"
        },
        "../../common/temp/node_modules/.pnpm/mathjs@11.5.0/node_modules/mathjs": {
            "version": "11.5.0",
            "license": "Apache-2.0",
            "dependencies": {
                "@babel/runtime": "^7.20.6",
                "complex.js": "^2.1.1",
                "decimal.js": "^10.4.3",
                "escape-latex": "^1.2.0",
                "fraction.js": "^4.2.0",
                "javascript-natural-sort": "^0.7.1",
                "seedrandom": "^3.0.5",
                "tiny-emitter": "^2.1.0",
                "typed-function": "^4.1.0"
            },
            "bin": {
                "mathjs": "bin/cli.js"
            },
            "devDependencies": {
                "@babel/core": "7.20.5",
                "@babel/plugin-transform-object-assign": "7.18.6",
                "@babel/plugin-transform-runtime": "7.19.6",
                "@babel/preset-env": "7.20.2",
                "@babel/register": "7.18.9",
                "@types/assert": "1.5.6",
                "@types/mocha": "10.0.1",
                "@typescript-eslint/eslint-plugin": "5.45.0",
                "@typescript-eslint/parser": "5.45.0",
                "assert": "2.0.0",
                "babel-loader": "9.1.0",
                "benchmark": "2.1.4",
                "codecov": "3.8.3",
                "core-js": "3.26.1",
                "del": "6.1.1",
                "dtslint": "4.2.1",
                "eslint": "8.29.0",
                "eslint-config-prettier": "8.5.0",
                "eslint-config-standard": "17.0.0",
                "eslint-plugin-import": "2.26.0",
                "eslint-plugin-mocha": "10.1.0",
                "eslint-plugin-n": "15.6.0",
                "eslint-plugin-prettier": "4.2.1",
                "eslint-plugin-promise": "6.1.1",
                "expect-type": "0.15.0",
                "expr-eval": "2.0.2",
                "fancy-log": "2.0.0",
                "glob": "8.0.3",
                "gulp": "4.0.2",
                "gulp-babel": "8.0.0",
                "handlebars": "4.7.7",
                "istanbul": "0.4.5",
                "jsep": "1.3.7",
                "karma": "6.4.1",
                "karma-browserstack-launcher": "1.6.0",
                "karma-firefox-launcher": "2.1.2",
                "karma-mocha": "2.0.1",
                "karma-mocha-reporter": "2.2.5",
                "karma-webpack": "5.0.0",
                "math-expression-evaluator": "1.4.0",
                "mkdirp": "1.0.4",
                "mocha": "10.1.0",
                "mocha-junit-reporter": "2.2.0",
                "ndarray": "1.0.19",
                "ndarray-determinant": "1.0.0",
                "ndarray-gemm": "1.0.0",
                "ndarray-ops": "1.2.2",
                "ndarray-pack": "1.2.1",
                "numericjs": "1.2.6",
                "nyc": "15.1.0",
                "pad-right": "0.2.2",
                "prettier": "2.8.0",
                "process": "0.11.10",
                "sylvester": "0.0.21",
                "ts-node": "10.9.1",
                "typescript": "^5.x.x",
                "webpack": "5.75.0",
                "zeros": "1.0.0"
            },
            "engines": {
                "node": ">= 14"
            }
        },
        "../../common/temp/node_modules/.pnpm/moment@2.29.4/node_modules/moment": {
            "version": "2.29.4",
            "license": "MIT",
            "devDependencies": {
                "benchmark": "latest",
                "coveralls": "latest",
                "cross-env": "^6.0.3",
                "es6-promise": "latest",
                "eslint": "~6",
                "grunt": "latest",
                "grunt-benchmark": "latest",
                "grunt-cli": "latest",
                "grunt-contrib-clean": "latest",
                "grunt-contrib-concat": "latest",
                "grunt-contrib-copy": "latest",
                "grunt-contrib-uglify": "latest",
                "grunt-contrib-watch": "latest",
                "grunt-env": "latest",
                "grunt-exec": "latest",
                "grunt-karma": "latest",
                "grunt-nuget": "latest",
                "grunt-string-replace": "latest",
                "karma": "latest",
                "karma-chrome-launcher": "latest",
                "karma-firefox-launcher": "latest",
                "karma-qunit": "latest",
                "karma-sauce-launcher": "4.1.4",
                "load-grunt-tasks": "latest",
                "lodash": ">=4.17.19",
                "node-qunit": "latest",
                "nyc": "latest",
                "prettier": "latest",
                "qunit": "^2.10.0",
                "rollup": "2.17.1",
                "typescript": "^1.8.10",
                "typescript3": "npm:typescript@^3.1.6",
                "uglify-js": "latest"
            },
            "engines": {
                "node": "*"
            }
        },
        "../../common/temp/node_modules/.pnpm/murmurhash@2.0.1/node_modules/murmurhash": {
            "version": "2.0.1",
            "license": "MIT"
        },
        "../../common/temp/node_modules/.pnpm/tslib@2.4.1/node_modules/tslib": {
            "version": "2.4.1",
            "dev": true,
            "license": "0BSD"
        },
        "../../common/temp/node_modules/.pnpm/uuid@9.0.0/node_modules/uuid": {
            "version": "9.0.0",
            "license": "MIT",
            "bin": {
                "uuid": "dist/bin/uuid"
            },
            "devDependencies": {
                "@babel/cli": "7.18.10",
                "@babel/core": "7.18.10",
                "@babel/eslint-parser": "7.18.9",
                "@babel/preset-env": "7.18.10",
                "@commitlint/cli": "17.0.3",
                "@commitlint/config-conventional": "17.0.3",
                "bundlewatch": "0.3.3",
                "eslint": "8.21.0",
                "eslint-config-prettier": "8.5.0",
                "eslint-config-standard": "17.0.0",
                "eslint-plugin-import": "2.26.0",
                "eslint-plugin-node": "11.1.0",
                "eslint-plugin-prettier": "4.2.1",
                "eslint-plugin-promise": "6.0.0",
                "husky": "8.0.1",
                "jest": "28.1.3",
                "lint-staged": "13.0.3",
                "npm-run-all": "4.1.5",
                "optional-dev-dependency": "2.0.1",
                "prettier": "2.7.1",
                "random-seed": "0.3.0",
                "runmd": "1.3.6",
                "standard-version": "9.5.0"
            }
        },
        "node_modules/@types/node": {
            "version": "18.14.6",
            "resolved": "https://registry.npmmirror.com/@types/node/-/node-18.14.6.tgz",
            "integrity": "sha512-93+VvleD3mXwlLI/xASjw0FzKcwzl3OdTCzm1LaRfqgS21gfFtK3zDXM5Op9TeeMsJVOaJ2VRDpT9q4Y3d0AvA==",
            "dev": true
        },
        "node_modules/concurrently": {
            "resolved": "../../common/temp/node_modules/.pnpm/concurrently@7.4.0/node_modules/concurrently",
            "link": true
        },
        "node_modules/gulp": {
            "resolved": "../../common/temp/node_modules/.pnpm/gulp@4.0.2/node_modules/gulp",
            "link": true
        },
        "node_modules/gulp-add-src": {
            "resolved": "../../common/temp/node_modules/.pnpm/gulp-add-src@1.0.0/node_modules/gulp-add-src",
            "link": true
        },
        "node_modules/gulp-cli": {
            "resolved": "../../common/temp/node_modules/.pnpm/gulp-cli@2.3.0/node_modules/gulp-cli",
            "link": true
        },
        "node_modules/lodash": {
            "resolved": "../../common/temp/node_modules/.pnpm/lodash@4.17.21/node_modules/lodash",
            "link": true
        },
        "node_modules/mathjs": {
            "resolved": "../../common/temp/node_modules/.pnpm/mathjs@11.5.0/node_modules/mathjs",
            "link": true
        },
        "node_modules/moment": {
            "resolved": "../../common/temp/node_modules/.pnpm/moment@2.29.4/node_modules/moment",
            "link": true
        },
        "node_modules/murmurhash": {
            "resolved": "../../common/temp/node_modules/.pnpm/murmurhash@2.0.1/node_modules/murmurhash",
            "link": true
        },
        "node_modules/tslib": {
            "resolved": "../../common/temp/node_modules/.pnpm/tslib@2.4.1/node_modules/tslib",
            "link": true
        },
        "node_modules/uuid": {
            "resolved": "../../common/temp/node_modules/.pnpm/uuid@9.0.0/node_modules/uuid",
            "link": true
        }
    }
}
